
Microsoft Visual Studio Solution File, Format Version 12.00
# Visual Studio Version 17
VisualStudioVersion = 17.8.34330.188
MinimumVisualStudioVersion = 10.0.40219.1
Project("{FAE04EC0-301F-11D3-BF4B-00C04F79EFBC}") = "WebApp", "WebApp\WebApp.csproj", "{55595E51-434E-4FAA-8CC7-78741A2EA209}"
EndProject
Global
	GlobalSection(SolutionConfigurationPlatforms) = preSolution
		Debug|Any CPU = Debug|Any CPU
		Release|Any CPU = Release|Any CPU
	EndGlobalSection
	GlobalSection(ProjectConfigurationPlatforms) = postSolution
		{55595E51-434E-4FAA-8CC7-78741A2EA209}.Debug|Any CPU.ActiveCfg = Debug|Any CPU
		{55595E51-434E-4FAA-8CC7-78741A2EA209}.Debug|Any CPU.Build.0 = Debug|Any CPU
		{55595E51-434E-4FAA-8CC7-78741A2EA209}.Release|Any CPU.ActiveCfg = Release|Any CPU
		{55595E51-434E-4FAA-8CC7-78741A2EA209}.Release|Any CPU.Build.0 = Release|Any CPU
	EndGlobalSection
	GlobalSection(SolutionProperties) = preSolution
		HideSolutionNode = FALSE
	EndGlobalSection
	GlobalSection(ExtensibilityGlobals) = postSolution
		SolutionGuid = {834FEE6C-06EE-4739-B052-BECDC2E354C8}
	EndGlobalSection
EndGlobal
